
Microsoft Visual Studio Solution File, Format Version 12.00
# Visual Studio Version 17
VisualStudioVersion = 17.8.34316.72
MinimumVisualStudioVersion = 10.0.40219.1
Project("{FAE04EC0-301F-11D3-BF4B-00C04F79EFBC}") = "KRFaces", "KRFaces.csproj", "{6573468C-ABD0-4006-80B7-FD7DF7DF75DB}"
EndProject
Global
	GlobalSection(SolutionConfigurationPlatforms) = preSolution
		Debug|Any CPU = Debug|Any CPU
		Release|Any CPU = Release|Any CPU
	EndGlobalSection
	GlobalSection(ProjectConfigurationPlatforms) = postSolution
		{6573468C-ABD0-4006-80B7-FD7DF7DF75DB}.Debug|Any CPU.ActiveCfg = Debug|Any CPU
		{6573468C-ABD0-4006-80B7-FD7DF7DF75DB}.Debug|Any CPU.Build.0 = Debug|Any CPU
		{6573468C-ABD0-4006-80B7-FD7DF7DF75DB}.Release|Any CPU.ActiveCfg = Release|Any CPU
		{6573468C-ABD0-4006-80B7-FD7DF7DF75DB}.Release|Any CPU.Build.0 = Release|Any CPU
	EndGlobalSection
	GlobalSection(SolutionProperties) = preSolution
		HideSolutionNode = FALSE
	EndGlobalSection
	GlobalSection(ExtensibilityGlobals) = postSolution
		SolutionGuid = {F12C953B-A209-4479-8912-E9742DD0755D}
	EndGlobalSection
EndGlobal
